
Microsoft Visual Studio Solution File, Format Version 12.00
# Visual Studio Version 16
VisualStudioVersion = 16.0.30204.135
MinimumVisualStudioVersion = 10.0.40219.1
Project("{FAE04EC0-301F-11D3-BF4B-00C04F79EFBC}") = "lánclistákC++++ban", "lánclistákC++++ban\lánclistákC++++ban.csproj", "{758AC2CD-6B67-4851-BC39-B8B706CA0DAD}"
EndProject
Global
	GlobalSection(SolutionConfigurationPlatforms) = preSolution
		Debug|Any CPU = Debug|Any CPU
		Release|Any CPU = Release|Any CPU
	EndGlobalSection
	GlobalSection(ProjectConfigurationPlatforms) = postSolution
		{758AC2CD-6B67-4851-BC39-B8B706CA0DAD}.Debug|Any CPU.ActiveCfg = Debug|Any CPU
		{758AC2CD-6B67-4851-BC39-B8B706CA0DAD}.Debug|Any CPU.Build.0 = Debug|Any CPU
		{758AC2CD-6B67-4851-BC39-B8B706CA0DAD}.Release|Any CPU.ActiveCfg = Release|Any CPU
		{758AC2CD-6B67-4851-BC39-B8B706CA0DAD}.Release|Any CPU.Build.0 = Release|Any CPU
	EndGlobalSection
	GlobalSection(SolutionProperties) = preSolution
		HideSolutionNode = FALSE
	EndGlobalSection
	GlobalSection(ExtensibilityGlobals) = postSolution
		SolutionGuid = {5EC9A19A-C0CC-4783-8D29-452B373CD495}
	EndGlobalSection
EndGlobal
